// !$*UTF8*$!
{
	archiveVersion = 1;
	classes = {
	};
	objectVersion = 48;
	objects = {

/* Begin PBXBuildFile section */
		B0658B36F54209F1648BD0D4 /* Pods_contentstack_ios_sync_playground.framework in Frameworks */ = {isa = PBXBuildFile; fileRef = F092161CC5AF4AF3E2F0D54A /* Pods_contentstack_ios_sync_playground.framework */; };
		FA19A9E7216F140700A472F4 /* README.md in Resources */ = {isa = PBXBuildFile; fileRef = FA19A9E6216F140700A472F4 /* README.md */; };
		FA9B19BB216F197000FF8D1B /* APIManager.swift in Sources */ = {isa = PBXBuildFile; fileRef = FA9B19BA216F197000FF8D1B /* APIManager.swift */; };
		FAB46B6C218077C3008745E4 /* LICENSE in Resources */ = {isa = PBXBuildFile; fileRef = FAB46B6B218077C3008745E4 /* LICENSE */; };
		FAF18BD121099C3A00734C94 /* AppDelegate.swift in Sources */ = {isa = PBXBuildFile; fileRef = FAF18BD021099C3A00734C94 /* AppDelegate.swift */; };
		FAF18BD321099C3A00734C94 /* ViewController.swift in Sources */ = {isa = PBXBuildFile; fileRef = FAF18BD221099C3A00734C94 /* ViewController.swift */; };
		FAF18BD621099C3A00734C94 /* Main.storyboard in Resources */ = {isa = PBXBuildFile; fileRef = FAF18BD421099C3A00734C94 /* Main.storyboard */; };
		FAF18BD821099C3A00734C94 /* Assets.xcassets in Resources */ = {isa = PBXBuildFile; fileRef = FAF18BD721099C3A00734C94 /* Assets.xcassets */; };
		FAF18BDB21099C3A00734C94 /* LaunchScreen.storyboard in Resources */ = {isa = PBXBuildFile; fileRef = FAF18BD921099C3A00734C94 /* LaunchScreen.storyboard */; };
/* End PBXBuildFile section */

/* Begin PBXFileReference section */
		50DAD6E4ACC445B3692F526F /* Pods-contentstack-ios-sync-playground.release.xcconfig */ = {isa = PBXFileReference; includeInIndex = 1; lastKnownFileType = text.xcconfig; name = "Pods-contentstack-ios-sync-playground.release.xcconfig"; path = "Pods/Target Support Files/Pods-contentstack-ios-sync-playground/Pods-contentstack-ios-sync-playground.release.xcconfig"; sourceTree = "<group>"; };
		61C4A29857605E5F56EE6EF7 /* Pods-contentstack-ios-sync-playground.debug.xcconfig */ = {isa = PBXFileReference; includeInIndex = 1; lastKnownFileType = text.xcconfig; name = "Pods-contentstack-ios-sync-playground.debug.xcconfig"; path = "Pods/Target Support Files/Pods-contentstack-ios-sync-playground/Pods-contentstack-ios-sync-playground.debug.xcconfig"; sourceTree = "<group>"; };
		F092161CC5AF4AF3E2F0D54A /* Pods_contentstack_ios_sync_playground.framework */ = {isa = PBXFileReference; explicitFileType = wrapper.framework; includeInIndex = 0; path = Pods_contentstack_ios_sync_playground.framework; sourceTree = BUILT_PRODUCTS_DIR; };
		FA19A9E6216F140700A472F4 /* README.md */ = {isa = PBXFileReference; fileEncoding = 4; lastKnownFileType = net.daringfireball.markdown; path = README.md; sourceTree = "<group>"; };
		FA9B19BA216F197000FF8D1B /* APIManager.swift */ = {isa = PBXFileReference; fileEncoding = 4; lastKnownFileType = sourcecode.swift; path = APIManager.swift; sourceTree = "<group>"; };
		FAB46B6B218077C3008745E4 /* LICENSE */ = {isa = PBXFileReference; lastKnownFileType = text; path = LICENSE; sourceTree = "<group>"; };
		FAF18BCD21099C3A00734C94 /* contentstack-ios-sync-playground.app */ = {isa = PBXFileReference; explicitFileType = wrapper.application; includeInIndex = 0; path = "contentstack-ios-sync-playground.app"; sourceTree = BUILT_PRODUCTS_DIR; };
		FAF18BD021099C3A00734C94 /* AppDelegate.swift */ = {isa = PBXFileReference; lastKnownFileType = sourcecode.swift; path = AppDelegate.swift; sourceTree = "<group>"; };
		FAF18BD221099C3A00734C94 /* ViewController.swift */ = {isa = PBXFileReference; lastKnownFileType = sourcecode.swift; path = ViewController.swift; sourceTree = "<group>"; };
		FAF18BD521099C3A00734C94 /* Base */ = {isa = PBXFileReference; lastKnownFileType = file.storyboard; name = Base; path = Base.lproj/Main.storyboard; sourceTree = "<group>"; };
		FAF18BD721099C3A00734C94 /* Assets.xcassets */ = {isa = PBXFileReference; lastKnownFileType = folder.assetcatalog; path = Assets.xcassets; sourceTree = "<group>"; };
		FAF18BDA21099C3A00734C94 /* Base */ = {isa = PBXFileReference; lastKnownFileType = file.storyboard; name = Base; path = Base.lproj/LaunchScreen.storyboard; sourceTree = "<group>"; };
		FAF18BDC21099C3A00734C94 /* Info.plist */ = {isa = PBXFileReference; lastKnownFileType = text.plist.xml; path = Info.plist; sourceTree = "<group>"; };
/* End PBXFileReference section */

/* Begin PBXFrameworksBuildPhase section */
		FAF18BCA21099C3A00734C94 /* Frameworks */ = {
			isa = PBXFrameworksBuildPhase;
			buildActionMask = 2147483647;
			files = (
				B0658B36F54209F1648BD0D4 /* Pods_contentstack_ios_sync_playground.framework in Frameworks */,
			);
			runOnlyForDeploymentPostprocessing = 0;
		};
/* End PBXFrameworksBuildPhase section */

/* Begin PBXGroup section */
		63FFDABDB33C4E10F23193DD /* Pods */ = {
			isa = PBXGroup;
			children = (
				61C4A29857605E5F56EE6EF7 /* Pods-contentstack-ios-sync-playground.debug.xcconfig */,
				50DAD6E4ACC445B3692F526F /* Pods-contentstack-ios-sync-playground.release.xcconfig */,
			);
			name = Pods;
			sourceTree = "<group>";
		};
		F98ED088402F1A6B4B442D6A /* Frameworks */ = {
			isa = PBXGroup;
			children = (
				F092161CC5AF4AF3E2F0D54A /* Pods_contentstack_ios_sync_playground.framework */,
			);
			name = Frameworks;
			sourceTree = "<group>";
		};
		FA9B19B9216F197000FF8D1B /* APIManager */ = {
			isa = PBXGroup;
			children = (
				FA9B19BA216F197000FF8D1B /* APIManager.swift */,
			);
			path = APIManager;
			sourceTree = "<group>";
		};
		FAF18BC421099C3A00734C94 = {
			isa = PBXGroup;
			children = (
				FAB46B6B218077C3008745E4 /* LICENSE */,
				FA19A9E6216F140700A472F4 /* README.md */,
				FAF18BCF21099C3A00734C94 /* contentstack-ios-sync-playground */,
				FAF18BCE21099C3A00734C94 /* Products */,
				63FFDABDB33C4E10F23193DD /* Pods */,
				F98ED088402F1A6B4B442D6A /* Frameworks */,
			);
			sourceTree = "<group>";
		};
		FAF18BCE21099C3A00734C94 /* Products */ = {
			isa = PBXGroup;
			children = (
				FAF18BCD21099C3A00734C94 /* contentstack-ios-sync-playground.app */,
			);
			name = Products;
			sourceTree = "<group>";
		};
		FAF18BCF21099C3A00734C94 /* contentstack-ios-sync-playground */ = {
			isa = PBXGroup;
			children = (
				FA9B19B9216F197000FF8D1B /* APIManager */,
				FAF18BD021099C3A00734C94 /* AppDelegate.swift */,
				FAF18BD221099C3A00734C94 /* ViewController.swift */,
				FAF18BD421099C3A00734C94 /* Main.storyboard */,
				FAF18BD721099C3A00734C94 /* Assets.xcassets */,
				FAF18BD921099C3A00734C94 /* LaunchScreen.storyboard */,
				FAF18BDC21099C3A00734C94 /* Info.plist */,
			);
			path = "contentstack-ios-sync-playground";
			sourceTree = "<group>";
		};
/* End PBXGroup section */

/* Begin PBXNativeTarget section */
		FAF18BCC21099C3A00734C94 /* contentstack-ios-sync-playground */ = {
			isa = PBXNativeTarget;
			buildConfigurationList = FAF18BDF21099C3A00734C94 /* Build configuration list for PBXNativeTarget "contentstack-ios-sync-playground" */;
			buildPhases = (
				12D6D23DE584C00E11EB3B1B /* [CP] Check Pods Manifest.lock */,
				FAF18BC921099C3A00734C94 /* Sources */,
				FAF18BCA21099C3A00734C94 /* Frameworks */,
				FAF18BCB21099C3A00734C94 /* Resources */,
			);
			buildRules = (
			);
			dependencies = (
			);
			name = "contentstack-ios-sync-playground";
			productName = ContentstackSyncApp;
			productReference = FAF18BCD21099C3A00734C94 /* contentstack-ios-sync-playground.app */;
			productType = "com.apple.product-type.application";
		};
/* End PBXNativeTarget section */

/* Begin PBXProject section */
		FAF18BC521099C3A00734C94 /* Project object */ = {
			isa = PBXProject;
			attributes = {
				LastSwiftUpdateCheck = 0920;
				LastUpgradeCheck = 0920;
				ORGANIZATIONNAME = Contentstack;
				TargetAttributes = {
					FAF18BCC21099C3A00734C94 = {
						CreatedOnToolsVersion = 9.2;
						ProvisioningStyle = Automatic;
					};
				};
			};
			buildConfigurationList = FAF18BC821099C3A00734C94 /* Build configuration list for PBXProject "contentstack-ios-sync-playground" */;
			compatibilityVersion = "Xcode 8.0";
			developmentRegion = en;
			hasScannedForEncodings = 0;
			knownRegions = (
				en,
				Base,
			);
			mainGroup = FAF18BC421099C3A00734C94;
			productRefGroup = FAF18BCE21099C3A00734C94 /* Products */;
			projectDirPath = "";
			projectRoot = "";
			targets = (
				FAF18BCC21099C3A00734C94 /* contentstack-ios-sync-playground */,
			);
		};
/* End PBXProject section */

/* Begin PBXResourcesBuildPhase section */
		FAF18BCB21099C3A00734C94 /* Resources */ = {
			isa = PBXResourcesBuildPhase;
			buildActionMask = 2147483647;
			files = (
				FAF18BDB21099C3A00734C94 /* LaunchScreen.storyboard in Resources */,
				FAF18BD821099C3A00734C94 /* Assets.xcassets in Resources */,
				FA19A9E7216F140700A472F4 /* README.md in Resources */,
				FAF18BD621099C3A00734C94 /* Main.storyboard in Resources */,
				FAB46B6C218077C3008745E4 /* LICENSE in Resources */,
			);
			runOnlyForDeploymentPostprocessing = 0;
		};
/* End PBXResourcesBuildPhase section */

/* Begin PBXShellScriptBuildPhase section */
		12D6D23DE584C00E11EB3B1B /* [CP] Check Pods Manifest.lock */ = {
			isa = PBXShellScriptBuildPhase;
			buildActionMask = 2147483647;
			files = (
			);
			inputPaths = (
				"${PODS_PODFILE_DIR_PATH}/Podfile.lock",
				"${PODS_ROOT}/Manifest.lock",
			);
			name = "[CP] Check Pods Manifest.lock";
			outputPaths = (
				"$(DERIVED_FILE_DIR)/Pods-contentstack-ios-sync-playground-checkManifestLockResult.txt",
			);
			runOnlyForDeploymentPostprocessing = 0;
			shellPath = /bin/sh;
			shellScript = "diff \"${PODS_PODFILE_DIR_PATH}/Podfile.lock\" \"${PODS_ROOT}/Manifest.lock\" > /dev/null\nif [ $? != 0 ] ; then\n    # print error to STDERR\n    echo \"error: The sandbox is not in sync with the Podfile.lock. Run 'pod install' or update your CocoaPods installation.\" >&2\n    exit 1\nfi\n# This output is used by Xcode 'outputs' to avoid re-running this script phase.\necho \"SUCCESS\" > \"${SCRIPT_OUTPUT_FILE_0}\"\n";
			showEnvVarsInLog = 0;
		};
/* End PBXShellScriptBuildPhase section */

/* Begin PBXSourcesBuildPhase section */
		FAF18BC921099C3A00734C94 /* Sources */ = {
			isa = PBXSourcesBuildPhase;
			buildActionMask = 2147483647;
			files = (
				FA9B19BB216F197000FF8D1B /* APIManager.swift in Sources */,
				FAF18BD321099C3A00734C94 /* ViewController.swift in Sources */,
				FAF18BD121099C3A00734C94 /* AppDelegate.swift in Sources */,
			);
			runOnlyForDeploymentPostprocessing = 0;
		};
/* End PBXSourcesBuildPhase section */

/* Begin PBXVariantGroup section */
		FAF18BD421099C3A00734C94 /* Main.storyboard */ = {
			isa = PBXVariantGroup;
			children = (
				FAF18BD521099C3A00734C94 /* Base */,
			);
			name = Main.storyboard;
			sourceTree = "<group>";
		};
		FAF18BD921099C3A00734C94 /* LaunchScreen.storyboard */ = {
			isa = PBXVariantGroup;
			children = (
				FAF18BDA21099C3A00734C94 /* Base */,
			);
			name = LaunchScreen.storyboard;
			sourceTree = "<group>";
		};
/* End PBXVariantGroup section */

/* Begin XCBuildConfiguration section */
		FAF18BDD21099C3A00734C94 /* Debug */ = {
			isa = XCBuildConfiguration;
			buildSettings = {
				ALWAYS_SEARCH_USER_PATHS = NO;
				CLANG_ANALYZER_NONNULL = YES;
				CLANG_ANALYZER_NUMBER_OBJECT_CONVERSION = YES_AGGRESSIVE;
				CLANG_CXX_LANGUAGE_STANDARD = "gnu++14";
				CLANG_CXX_LIBRARY = "libc++";
				CLANG_ENABLE_MODULES = YES;
				CLANG_ENABLE_OBJC_ARC = YES;
				CLANG_WARN_BLOCK_CAPTURE_AUTORELEASING = YES;
				CLANG_WARN_BOOL_CONVERSION = YES;
				CLANG_WARN_COMMA = YES;
				CLANG_WARN_CONSTANT_CONVERSION = YES;
				CLANG_WARN_DIRECT_OBJC_ISA_USAGE = YES_ERROR;
				CLANG_WARN_DOCUMENTATION_COMMENTS = YES;
				CLANG_WARN_EMPTY_BODY = YES;
				CLANG_WARN_ENUM_CONVERSION = YES;
				CLANG_WARN_INFINITE_RECURSION = YES;
				CLANG_WARN_INT_CONVERSION = YES;
				CLANG_WARN_NON_LITERAL_NULL_CONVERSION = YES;
				CLANG_WARN_OBJC_LITERAL_CONVERSION = YES;
				CLANG_WARN_OBJC_ROOT_CLASS = YES_ERROR;
				CLANG_WARN_RANGE_LOOP_ANALYSIS = YES;
				CLANG_WARN_STRICT_PROTOTYPES = YES;
				CLANG_WARN_SUSPICIOUS_MOVE = YES;
				CLANG_WARN_UNGUARDED_AVAILABILITY = YES_AGGRESSIVE;
				CLANG_WARN_UNREACHABLE_CODE = YES;
				CLANG_WARN__DUPLICATE_METHOD_MATCH = YES;
				CODE_SIGN_IDENTITY = "iPhone Developer";
				COPY_PHASE_STRIP = NO;
				DEBUG_INFORMATION_FORMAT = dwarf;
				ENABLE_STRICT_OBJC_MSGSEND = YES;
				ENABLE_TESTABILITY = YES;
				GCC_C_LANGUAGE_STANDARD = gnu11;
				GCC_DYNAMIC_NO_PIC = NO;
				GCC_NO_COMMON_BLOCKS = YES;
				GCC_OPTIMIZATION_LEVEL = 0;
				GCC_PREPROCESSOR_DEFINITIONS = (
					"DEBUG=1",
					"$(inherited)",
				);
				GCC_WARN_64_TO_32_BIT_CONVERSION = YES;
				GCC_WARN_ABOUT_RETURN_TYPE = YES_ERROR;
				GCC_WARN_UNDECLARED_SELECTOR = YES;
				GCC_WARN_UNINITIALIZED_AUTOS = YES_AGGRESSIVE;
				GCC_WARN_UNUSED_FUNCTION = YES;
				GCC_WARN_UNUSED_VARIABLE = YES;
				IPHONEOS_DEPLOYMENT_TARGET = 11.2;
				MTL_ENABLE_DEBUG_INFO = YES;
				ONLY_ACTIVE_ARCH = YES;
				SDKROOT = iphoneos;
				SWIFT_ACTIVE_COMPILATION_CONDITIONS = DEBUG;
				SWIFT_OPTIMIZATION_LEVEL = "-Onone";
			};
			name = Debug;
		};
		FAF18BDE21099C3A00734C94 /* Release */ = {
			isa = XCBuildConfiguration;
			buildSettings = {
				ALWAYS_SEARCH_USER_PATHS = NO;
				CLANG_ANALYZER_NONNULL = YES;
				CLANG_ANALYZER_NUMBER_OBJECT_CONVERSION = YES_AGGRESSIVE;
				CLANG_CXX_LANGUAGE_STANDARD = "gnu++14";
				CLANG_CXX_LIBRARY = "libc++";
				CLANG_ENABLE_MODULES = YES;
				CLANG_ENABLE_OBJC_ARC = YES;
				CLANG_WARN_BLOCK_CAPTURE_AUTORELEASING = YES;
				CLANG_WARN_BOOL_CONVERSION = YES;
				CLANG_WARN_COMMA = YES;
				CLANG_WARN_CONSTANT_CONVERSION = YES;
				CLANG_WARN_DIRECT_OBJC_ISA_USAGE = YES_ERROR;
				CLANG_WARN_DOCUMENTATION_COMMENTS = YES;
				CLANG_WARN_EMPTY_BODY = YES;
				CLANG_WARN_ENUM_CONVERSION = YES;
				CLANG_WARN_INFINITE_RECURSION = YES;
				CLANG_WARN_INT_CONVERSION = YES;
				CLANG_WARN_NON_LITERAL_NULL_CONVERSION = YES;
				CLANG_WARN_OBJC_LITERAL_CONVERSION = YES;
				CLANG_WARN_OBJC_ROOT_CLASS = YES_ERROR;
				CLANG_WARN_RANGE_LOOP_ANALYSIS = YES;
				CLANG_WARN_STRICT_PROTOTYPES = YES;
				CLANG_WARN_SUSPICIOUS_MOVE = YES;
				CLANG_WARN_UNGUARDED_AVAILABILITY = YES_AGGRESSIVE;
				CLANG_WARN_UNREACHABLE_CODE = YES;
				CLANG_WARN__DUPLICATE_METHOD_MATCH = YES;
				CODE_SIGN_IDENTITY = "iPhone Developer";
				COPY_PHASE_STRIP = NO;
				DEBUG_INFORMATION_FORMAT = "dwarf-with-dsym";
				ENABLE_NS_ASSERTIONS = NO;
				ENABLE_STRICT_OBJC_MSGSEND = YES;
				GCC_C_LANGUAGE_STANDARD = gnu11;
				GCC_NO_COMMON_BLOCKS = YES;
				GCC_WARN_64_TO_32_BIT_CONVERSION = YES;
				GCC_WARN_ABOUT_RETURN_TYPE = YES_ERROR;
				GCC_WARN_UNDECLARED_SELECTOR = YES;
				GCC_WARN_UNINITIALIZED_AUTOS = YES_AGGRESSIVE;
				GCC_WARN_UNUSED_FUNCTION = YES;
				GCC_WARN_UNUSED_VARIABLE = YES;
				IPHONEOS_DEPLOYMENT_TARGET = 11.2;
				MTL_ENABLE_DEBUG_INFO = NO;
				SDKROOT = iphoneos;
				SWIFT_OPTIMIZATION_LEVEL = "-Owholemodule";
				VALIDATE_PRODUCT = YES;
			};
			name = Release;
		};
		FAF18BE021099C3A00734C94 /* Debug */ = {
			isa = XCBuildConfiguration;
			baseConfigurationReference = 61C4A29857605E5F56EE6EF7 /* Pods-contentstack-ios-sync-playground.debug.xcconfig */;
			buildSettings = {
				ASSETCATALOG_COMPILER_APPICON_NAME = AppIcon;
				CODE_SIGN_STYLE = Automatic;
				FRAMEWORK_SEARCH_PATHS = (
					"$(inherited)",
					"$(PROJECT_DIR)",
				);
				INFOPLIST_FILE = "contentstack-ios-sync-playground/Info.plist";
				LD_RUNPATH_SEARCH_PATHS = "$(inherited) @executable_path/Frameworks";
				PRODUCT_BUNDLE_IDENTIFIER = com.contentstack.contentstackiossyncplayground;
				PRODUCT_NAME = "$(TARGET_NAME)";
				SWIFT_VERSION = 4.0;
				TARGETED_DEVICE_FAMILY = "1,2";
			};
			name = Debug;
		};
		FAF18BE121099C3A00734C94 /* Release */ = {
			isa = XCBuildConfiguration;
			baseConfigurationReference = 50DAD6E4ACC445B3692F526F /* Pods-contentstack-ios-sync-playground.release.xcconfig */;
			buildSettings = {
				ASSETCATALOG_COMPILER_APPICON_NAME = AppIcon;
				CODE_SIGN_STYLE = Automatic;
				FRAMEWORK_SEARCH_PATHS = (
					"$(inherited)",
					"$(PROJECT_DIR)",
				);
				INFOPLIST_FILE = "contentstack-ios-sync-playground/Info.plist";
				LD_RUNPATH_SEARCH_PATHS = "$(inherited) @executable_path/Frameworks";
				PRODUCT_BUNDLE_IDENTIFIER = com.contentstack.contentstackiossyncplayground;
				PRODUCT_NAME = "$(TARGET_NAME)";
				SWIFT_VERSION = 4.0;
				TARGETED_DEVICE_FAMILY = "1,2";
			};
			name = Release;
		};
/* End XCBuildConfiguration section */

/* Begin XCConfigurationList section */
		FAF18BC821099C3A00734C94 /* Build configuration list for PBXProject "contentstack-ios-sync-playground" */ = {
			isa = XCConfigurationList;
			buildConfigurations = (
				FAF18BDD21099C3A00734C94 /* Debug */,
				FAF18BDE21099C3A00734C94 /* Release */,
			);
			defaultConfigurationIsVisible = 0;
			defaultConfigurationName = Release;
		};
		FAF18BDF21099C3A00734C94 /* Build configuration list for PBXNativeTarget "contentstack-ios-sync-playground" */ = {
			isa = XCConfigurationList;
			buildConfigurations = (
				FAF18BE021099C3A00734C94 /* Debug */,
				FAF18BE121099C3A00734C94 /* Release */,
			);
			defaultConfigurationIsVisible = 0;
			defaultConfigurationName = Release;
		};
/* End XCConfigurationList section */
	};
	rootObject = FAF18BC521099C3A00734C94 /* Project object */;
}
